// !$*UTF8*$!
{
	archiveVersion = 1;
	classes = {
	};
	objectVersion = 60;
	objects = {

/* Begin PBXBuildFile section */
		F1000001 /* SuperscaleApp.swift in Sources */ = {isa = PBXBuildFile; fileRef = F2000001 /* SuperscaleApp.swift */; };
		F1000002 /* MainView.swift in Sources */ = {isa = PBXBuildFile; fileRef = F2000002 /* MainView.swift */; };
		F1000003 /* UpscaleViewModel.swift in Sources */ = {isa = PBXBuildFile; fileRef = F2000003 /* UpscaleViewModel.swift */; };
		F1000004 /* DropTargetView.swift in Sources */ = {isa = PBXBuildFile; fileRef = F2000004 /* DropTargetView.swift */; };
		F1000005 /* ModelPicker.swift in Sources */ = {isa = PBXBuildFile; fileRef = F2000005 /* ModelPicker.swift */; };
		F1000006 /* ProgressOverlay.swift in Sources */ = {isa = PBXBuildFile; fileRef = F2000006 /* ProgressOverlay.swift */; };
		F1000007 /* ComparisonView.swift in Sources */ = {isa = PBXBuildFile; fileRef = F2000007 /* ComparisonView.swift */; };
		F1000008 /* Assets.xcassets in Resources */ = {isa = PBXBuildFile; fileRef = F2000008 /* Assets.xcassets */; };
		F1000009 /* ScalePicker.swift in Sources */ = {isa = PBXBuildFile; fileRef = F200000A /* ScalePicker.swift */; };
		F100000B /* AboutView.swift in Sources */ = {isa = PBXBuildFile; fileRef = F200000B /* AboutView.swift */; };
		F100000C /* InfoPanel.swift in Sources */ = {isa = PBXBuildFile; fileRef = F200000C /* InfoPanel.swift */; };
		F100000D /* FaceModelDownloadView.swift in Sources */ = {isa = PBXBuildFile; fileRef = F200000D /* FaceModelDownloadView.swift */; };
		F1000010 /* SuperscaleKit in Frameworks */ = {isa = PBXBuildFile; productRef = F5000001 /* SuperscaleKit */; };
/* End PBXBuildFile section */

/* Begin PBXFileReference section */
		F2000001 /* SuperscaleApp.swift */ = {isa = PBXFileReference; lastKnownFileType = sourcecode.swift; path = SuperscaleApp.swift; sourceTree = "<group>"; };
		F2000002 /* MainView.swift */ = {isa = PBXFileReference; lastKnownFileType = sourcecode.swift; path = MainView.swift; sourceTree = "<group>"; };
		F2000003 /* UpscaleViewModel.swift */ = {isa = PBXFileReference; lastKnownFileType = sourcecode.swift; path = UpscaleViewModel.swift; sourceTree = "<group>"; };
		F2000004 /* DropTargetView.swift */ = {isa = PBXFileReference; lastKnownFileType = sourcecode.swift; path = DropTargetView.swift; sourceTree = "<group>"; };
		F2000005 /* ModelPicker.swift */ = {isa = PBXFileReference; lastKnownFileType = sourcecode.swift; path = ModelPicker.swift; sourceTree = "<group>"; };
		F2000006 /* ProgressOverlay.swift */ = {isa = PBXFileReference; lastKnownFileType = sourcecode.swift; path = ProgressOverlay.swift; sourceTree = "<group>"; };
		F2000007 /* ComparisonView.swift */ = {isa = PBXFileReference; lastKnownFileType = sourcecode.swift; path = ComparisonView.swift; sourceTree = "<group>"; };
		F2000008 /* Assets.xcassets */ = {isa = PBXFileReference; lastKnownFileType = folder.assetcatalog; path = Assets.xcassets; sourceTree = "<group>"; };
		F2000009 /* Superscale.entitlements */ = {isa = PBXFileReference; lastKnownFileType = text.plist.entitlements; path = Superscale.entitlements; sourceTree = "<group>"; };
		F200000A /* ScalePicker.swift */ = {isa = PBXFileReference; lastKnownFileType = sourcecode.swift; path = ScalePicker.swift; sourceTree = "<group>"; };
		F200000B /* AboutView.swift */ = {isa = PBXFileReference; lastKnownFileType = sourcecode.swift; path = AboutView.swift; sourceTree = "<group>"; };
		F200000C /* InfoPanel.swift */ = {isa = PBXFileReference; lastKnownFileType = sourcecode.swift; path = InfoPanel.swift; sourceTree = "<group>"; };
		F200000D /* FaceModelDownloadView.swift */ = {isa = PBXFileReference; lastKnownFileType = sourcecode.swift; path = FaceModelDownloadView.swift; sourceTree = "<group>"; };
		F2000020 /* Superscale.app */ = {isa = PBXFileReference; explicitFileType = wrapper.application; includeInIndex = 0; path = Superscale.app; sourceTree = BUILT_PRODUCTS_DIR; };
/* End PBXFileReference section */

/* Begin PBXFrameworksBuildPhase section */
		F3000001 /* Frameworks */ = {
			isa = PBXFrameworksBuildPhase;
			buildActionMask = 2147483647;
			files = (
				F1000010 /* SuperscaleKit in Frameworks */,
			);
			runOnlyForDeploymentPostprocessing = 0;
		};
/* End PBXFrameworksBuildPhase section */

/* Begin PBXGroup section */
		F4000001 = {
			isa = PBXGroup;
			children = (
				F4000002 /* SuperscaleApp */,
				F4000003 /* Products */,
			);
			sourceTree = "<group>";
		};
		F4000002 /* SuperscaleApp */ = {
			isa = PBXGroup;
			children = (
				F2000001 /* SuperscaleApp.swift */,
				F2000002 /* MainView.swift */,
				F2000003 /* UpscaleViewModel.swift */,
				F2000004 /* DropTargetView.swift */,
				F2000005 /* ModelPicker.swift */,
				F2000006 /* ProgressOverlay.swift */,
				F2000007 /* ComparisonView.swift */,
				F200000A /* ScalePicker.swift */,
				F200000B /* AboutView.swift */,
				F200000C /* InfoPanel.swift */,
				F200000D /* FaceModelDownloadView.swift */,
				F2000008 /* Assets.xcassets */,
				F2000009 /* Superscale.entitlements */,
			);
			path = SuperscaleApp;
			sourceTree = "<group>";
		};
		F4000003 /* Products */ = {
			isa = PBXGroup;
			children = (
				F2000020 /* Superscale.app */,
			);
			name = Products;
			sourceTree = "<group>";
		};
/* End PBXGroup section */

/* Begin PBXNativeTarget section */
		F6000001 /* Superscale */ = {
			isa = PBXNativeTarget;
			buildConfigurationList = F8000003 /* Build configuration list for PBXNativeTarget "Superscale" */;
			buildPhases = (
				F3000002 /* Sources */,
				F3000001 /* Frameworks */,
				F3000003 /* Resources */,
			);
			buildRules = (
			);
			dependencies = (
			);
			name = Superscale;
			packageProductDependencies = (
				F5000001 /* SuperscaleKit */,
			);
			productName = Superscale;
			productReference = F2000020 /* Superscale.app */;
			productType = "com.apple.product-type.application";
		};
/* End PBXNativeTarget section */

/* Begin PBXProject section */
		F7000001 /* Project object */ = {
			isa = PBXProject;
			attributes = {
				BuildIndependentTargetsInParallel = 1;
				LastSwiftUpdateCheck = 1540;
				LastUpgradeCheck = 1540;
			};
			buildConfigurationList = F8000001 /* Build configuration list for PBXProject "SuperscaleApp" */;
			compatibilityVersion = "Xcode 14.0";
			developmentRegion = en;
			hasScannedForEncodings = 0;
			knownRegions = (
				en,
				Base,
			);
			mainGroup = F4000001;
			packageReferences = (
				F5000002 /* XCLocalSwiftPackageReference ".." */,
			);
			productRefGroup = F4000003 /* Products */;
			projectDirPath = "";
			projectRoot = "";
			targets = (
				F6000001 /* Superscale */,
			);
		};
/* End PBXProject section */

/* Begin PBXResourcesBuildPhase section */
		F3000003 /* Resources */ = {
			isa = PBXResourcesBuildPhase;
			buildActionMask = 2147483647;
			files = (
				F1000008 /* Assets.xcassets in Resources */,
			);
			runOnlyForDeploymentPostprocessing = 0;
		};
/* End PBXResourcesBuildPhase section */

/* Begin PBXSourcesBuildPhase section */
		F3000002 /* Sources */ = {
			isa = PBXSourcesBuildPhase;
			buildActionMask = 2147483647;
			files = (
				F1000001 /* SuperscaleApp.swift in Sources */,
				F1000002 /* MainView.swift in Sources */,
				F1000003 /* UpscaleViewModel.swift in Sources */,
				F1000004 /* DropTargetView.swift in Sources */,
				F1000005 /* ModelPicker.swift in Sources */,
				F1000006 /* ProgressOverlay.swift in Sources */,
				F1000007 /* ComparisonView.swift in Sources */,
				F1000009 /* ScalePicker.swift in Sources */,
				F100000B /* AboutView.swift in Sources */,
				F100000C /* InfoPanel.swift in Sources */,
				F100000D /* FaceModelDownloadView.swift in Sources */,
			);
			runOnlyForDeploymentPostprocessing = 0;
		};
/* End PBXSourcesBuildPhase section */

/* Begin XCBuildConfiguration section */
		F8000010 /* Debug */ = {
			isa = XCBuildConfiguration;
			buildSettings = {
				ALWAYS_SEARCH_USER_PATHS = NO;
				ASSETCATALOG_COMPILER_APPICON_NAME = AppIcon;
				ASSETCATALOG_COMPILER_GLOBAL_ACCENT_COLOR_NAME = AccentColor;
				CLANG_ENABLE_MODULES = YES;
				CODE_SIGN_ENTITLEMENTS = SuperscaleApp/Superscale.entitlements;
				CODE_SIGN_STYLE = Automatic;
				CURRENT_PROJECT_VERSION = 1;
				DEVELOPMENT_TEAM = 2H98A242M4;
				GENERATE_INFOPLIST_FILE = YES;
				INFOPLIST_KEY_CFBundleDisplayName = Superscale;
				INFOPLIST_KEY_LSApplicationCategoryType = "public.app-category.graphics-design";
				INFOPLIST_KEY_NSHumanReadableCopyright = "Copyright Taḋg Paul";
				MACOSX_DEPLOYMENT_TARGET = 14.0;
				MARKETING_VERSION = 1.0.0;
				PRODUCT_BUNDLE_IDENTIFIER = com.tadgpaul.superscale;
				PRODUCT_NAME = Superscale;
				SWIFT_EMIT_LOC_STRINGS = YES;
				SWIFT_VERSION = 5.0;
			};
			name = Debug;
		};
		F8000011 /* Release */ = {
			isa = XCBuildConfiguration;
			buildSettings = {
				ALWAYS_SEARCH_USER_PATHS = NO;
				ASSETCATALOG_COMPILER_APPICON_NAME = AppIcon;
				ASSETCATALOG_COMPILER_GLOBAL_ACCENT_COLOR_NAME = AccentColor;
				CLANG_ENABLE_MODULES = YES;
				CODE_SIGN_ENTITLEMENTS = SuperscaleApp/Superscale.entitlements;
				"CODE_SIGN_IDENTITY[sdk=macosx*]" = "-";
				CODE_SIGN_STYLE = Automatic;
				CURRENT_PROJECT_VERSION = 1;
				DEVELOPMENT_TEAM = 2H98A242M4;
				GENERATE_INFOPLIST_FILE = YES;
				INFOPLIST_KEY_CFBundleDisplayName = Superscale;
				INFOPLIST_KEY_LSApplicationCategoryType = "public.app-category.graphics-design";
				INFOPLIST_KEY_NSHumanReadableCopyright = "Copyright Taḋg Paul";
				MACOSX_DEPLOYMENT_TARGET = 14.0;
				MARKETING_VERSION = 1.0.0;
				PRODUCT_BUNDLE_IDENTIFIER = com.tadgpaul.superscale;
				PRODUCT_NAME = Superscale;
				SWIFT_EMIT_LOC_STRINGS = YES;
				SWIFT_VERSION = 5.0;
			};
			name = Release;
		};
		F8000020 /* Debug */ = {
			isa = XCBuildConfiguration;
			buildSettings = {
				CLANG_WARN_BLOCK_CAPTURE_AUTORELEASING = YES;
				CLANG_WARN_BOOL_CONVERSION = YES;
				CLANG_WARN_COMMA = YES;
				CLANG_WARN_CONSTANT_CONVERSION = YES;
				CLANG_WARN_DEPRECATED_OBJC_IMPLEMENTATIONS = YES;
				CLANG_WARN_EMPTY_BODY = YES;
				CLANG_WARN_ENUM_CONVERSION = YES;
				CLANG_WARN_INFINITE_RECURSION = YES;
				CLANG_WARN_INT_CONVERSION = YES;
				CLANG_WARN_NON_LITERAL_NULL_CONVERSION = YES;
				CLANG_WARN_OBJC_IMPLICIT_RETAIN_SELF = YES;
				CLANG_WARN_OBJC_LITERAL_CONVERSION = YES;
				CLANG_WARN_QUOTED_INCLUDE_IN_FRAMEWORK_HEADER = YES;
				CLANG_WARN_RANGE_LOOP_ANALYSIS = YES;
				CLANG_WARN_STRICT_PROTOTYPES = YES;
				CLANG_WARN_SUSPICIOUS_MOVE = YES;
				CLANG_WARN_UNREACHABLE_CODE = YES;
				CLANG_WARN__DUPLICATE_METHOD_MATCH = YES;
				DEBUG_INFORMATION_FORMAT = dwarf;
				ENABLE_STRICT_OBJC_MSGSEND = YES;
				ENABLE_TESTABILITY = YES;
				GCC_NO_COMMON_BLOCKS = YES;
				GCC_WARN_64_TO_32_BIT_CONVERSION = YES;
				GCC_WARN_ABOUT_RETURN_TYPE = YES_ERROR;
				GCC_WARN_UNDECLARED_SELECTOR = YES;
				GCC_WARN_UNINITIALIZED_AUTOS = YES_AGGRESSIVE;
				GCC_WARN_UNUSED_FUNCTION = YES;
				GCC_WARN_UNUSED_VARIABLE = YES;
				MTL_ENABLE_DEBUG_INFO = INCLUDE_SOURCE;
				ONLY_ACTIVE_ARCH = YES;
				SDKROOT = macosx;
				SWIFT_ACTIVE_COMPILATION_CONDITIONS = DEBUG;
				SWIFT_OPTIMIZATION_LEVEL = "-Onone";
			};
			name = Debug;
		};
		F8000021 /* Release */ = {
			isa = XCBuildConfiguration;
			buildSettings = {
				CLANG_WARN_BLOCK_CAPTURE_AUTORELEASING = YES;
				CLANG_WARN_BOOL_CONVERSION = YES;
				CLANG_WARN_COMMA = YES;
				CLANG_WARN_CONSTANT_CONVERSION = YES;
				CLANG_WARN_DEPRECATED_OBJC_IMPLEMENTATIONS = YES;
				CLANG_WARN_EMPTY_BODY = YES;
				CLANG_WARN_ENUM_CONVERSION = YES;
				CLANG_WARN_INFINITE_RECURSION = YES;
				CLANG_WARN_INT_CONVERSION = YES;
				CLANG_WARN_NON_LITERAL_NULL_CONVERSION = YES;
				CLANG_WARN_OBJC_IMPLICIT_RETAIN_SELF = YES;
				CLANG_WARN_OBJC_LITERAL_CONVERSION = YES;
				CLANG_WARN_QUOTED_INCLUDE_IN_FRAMEWORK_HEADER = YES;
				CLANG_WARN_RANGE_LOOP_ANALYSIS = YES;
				CLANG_WARN_STRICT_PROTOTYPES = YES;
				CLANG_WARN_SUSPICIOUS_MOVE = YES;
				CLANG_WARN_UNREACHABLE_CODE = YES;
				CLANG_WARN__DUPLICATE_METHOD_MATCH = YES;
				COPY_PHASE_STRIP = NO;
				DEBUG_INFORMATION_FORMAT = "dwarf-with-dsym";
				ENABLE_NS_ASSERTIONS = NO;
				ENABLE_STRICT_OBJC_MSGSEND = YES;
				GCC_NO_COMMON_BLOCKS = YES;
				GCC_WARN_64_TO_32_BIT_CONVERSION = YES;
				GCC_WARN_ABOUT_RETURN_TYPE = YES_ERROR;
				GCC_WARN_UNDECLARED_SELECTOR = YES;
				GCC_WARN_UNINITIALIZED_AUTOS = YES_AGGRESSIVE;
				GCC_WARN_UNUSED_FUNCTION = YES;
				GCC_WARN_UNUSED_VARIABLE = YES;
				SDKROOT = macosx;
				SWIFT_COMPILATION_MODE = wholemodule;
				SWIFT_OPTIMIZATION_LEVEL = "-O";
			};
			name = Release;
		};
/* End XCBuildConfiguration section */

/* Begin XCConfigurationList section */
		F8000001 /* Build configuration list for PBXProject "SuperscaleApp" */ = {
			isa = XCConfigurationList;
			buildConfigurations = (
				F8000020 /* Debug */,
				F8000021 /* Release */,
			);
			defaultConfigurationIsVisible = 0;
			defaultConfigurationName = Release;
		};
		F8000003 /* Build configuration list for PBXNativeTarget "Superscale" */ = {
			isa = XCConfigurationList;
			buildConfigurations = (
				F8000010 /* Debug */,
				F8000011 /* Release */,
			);
			defaultConfigurationIsVisible = 0;
			defaultConfigurationName = Release;
		};
/* End XCConfigurationList section */

/* Begin XCLocalSwiftPackageReference section */
		F5000002 /* XCLocalSwiftPackageReference ".." */ = {
			isa = XCLocalSwiftPackageReference;
			relativePath = ..;
		};
/* End XCLocalSwiftPackageReference section */

/* Begin XCSwiftPackageProductDependency section */
		F5000001 /* SuperscaleKit */ = {
			isa = XCSwiftPackageProductDependency;
			productName = SuperscaleKit;
		};
/* End XCSwiftPackageProductDependency section */
	};
	rootObject = F7000001 /* Project object */;
}
